{
  "name": "opencode-balance-mcp",
  "version": "1.0.1",
  "lockfileVersion": 3,
  "requires": true,
  "packages": {
    "": {
      "name": "opencode-balance-mcp",
      "version": "1.0.1",
      "license": "MIT",
      "bin": {
        "opencode-balance-mcp": "src/index.mjs"
      },
      "engines": {
        "node": ">=18"
      }
    }
  }
}
